
Microsoft Visual Studio Solution File, Format Version 12.00
# Visual Studio Version 17
VisualStudioVersion = 17.8.34330.188
MinimumVisualStudioVersion = 10.0.40219.1
Project("{FAE04EC0-301F-11D3-BF4B-00C04F79EFBC}") = "UploadFile", "UploadFile.csproj", "{FE8FC8BB-7541-44CF-B358-69D0F486C55A}"
EndProject
Global
	GlobalSection(SolutionConfigurationPlatforms) = preSolution
		Debug|Any CPU = Debug|Any CPU
		Release|Any CPU = Release|Any CPU
	EndGlobalSection
	GlobalSection(ProjectConfigurationPlatforms) = postSolution
		{FE8FC8BB-7541-44CF-B358-69D0F486C55A}.Debug|Any CPU.ActiveCfg = Debug|Any CPU
		{FE8FC8BB-7541-44CF-B358-69D0F486C55A}.Debug|Any CPU.Build.0 = Debug|Any CPU
		{FE8FC8BB-7541-44CF-B358-69D0F486C55A}.Release|Any CPU.ActiveCfg = Release|Any CPU
		{FE8FC8BB-7541-44CF-B358-69D0F486C55A}.Release|Any CPU.Build.0 = Release|Any CPU
	EndGlobalSection
	GlobalSection(SolutionProperties) = preSolution
		HideSolutionNode = FALSE
	EndGlobalSection
	GlobalSection(ExtensibilityGlobals) = postSolution
		SolutionGuid = {53990C1A-E266-4E30-812E-B348BA850CA8}
	EndGlobalSection
EndGlobal
